
Microsoft Visual Studio Solution File, Format Version 12.00
# Visual Studio Version 17
VisualStudioVersion = 17.9.34622.214
MinimumVisualStudioVersion = 10.0.40219.1
Project("{9A19103F-16F7-4668-BE54-9A1E7A4F7556}") = "Algorithms", "Algorithms\Algorithms.csproj", "{680DD922-E9D2-4FBB-8CEB-15E00DF31CED}"
EndProject
Global
	GlobalSection(SolutionConfigurationPlatforms) = preSolution
		Debug|Any CPU = Debug|Any CPU
		Release|Any CPU = Release|Any CPU
	EndGlobalSection
	GlobalSection(ProjectConfigurationPlatforms) = postSolution
		{680DD922-E9D2-4FBB-8CEB-15E00DF31CED}.Debug|Any CPU.ActiveCfg = Debug|Any CPU
		{680DD922-E9D2-4FBB-8CEB-15E00DF31CED}.Debug|Any CPU.Build.0 = Debug|Any CPU
		{680DD922-E9D2-4FBB-8CEB-15E00DF31CED}.Release|Any CPU.ActiveCfg = Release|Any CPU
		{680DD922-E9D2-4FBB-8CEB-15E00DF31CED}.Release|Any CPU.Build.0 = Release|Any CPU
	EndGlobalSection
	GlobalSection(SolutionProperties) = preSolution
		HideSolutionNode = FALSE
	EndGlobalSection
	GlobalSection(ExtensibilityGlobals) = postSolution
		SolutionGuid = {E030FCF3-5A43-43DA-9438-8A171E9512A8}
	EndGlobalSection
EndGlobal
